
Microsoft Visual Studio Solution File, Format Version 12.00
# Visual Studio Version 17
VisualStudioVersion = 17.6.33801.468
MinimumVisualStudioVersion = 10.0.40219.1
Project("{FAE04EC0-301F-11D3-BF4B-00C04F79EFBC}") = "GenericsProblem", "GenericsProblem\GenericsProblem.csproj", "{030C9282-0CB5-43BB-8E7A-53E7760814CD}"
EndProject
Global
	GlobalSection(SolutionConfigurationPlatforms) = preSolution
		Debug|Any CPU = Debug|Any CPU
		Release|Any CPU = Release|Any CPU
	EndGlobalSection
	GlobalSection(ProjectConfigurationPlatforms) = postSolution
		{030C9282-0CB5-43BB-8E7A-53E7760814CD}.Debug|Any CPU.ActiveCfg = Debug|Any CPU
		{030C9282-0CB5-43BB-8E7A-53E7760814CD}.Debug|Any CPU.Build.0 = Debug|Any CPU
		{030C9282-0CB5-43BB-8E7A-53E7760814CD}.Release|Any CPU.ActiveCfg = Release|Any CPU
		{030C9282-0CB5-43BB-8E7A-53E7760814CD}.Release|Any CPU.Build.0 = Release|Any CPU
	EndGlobalSection
	GlobalSection(SolutionProperties) = preSolution
		HideSolutionNode = FALSE
	EndGlobalSection
	GlobalSection(ExtensibilityGlobals) = postSolution
		SolutionGuid = {B5008AB8-6DCF-4C45-9DF7-C6A2E855FEF5}
	EndGlobalSection
EndGlobal
